// !$*UTF8*$!
{
	archiveVersion = 1;
	classes = {
	};
	objectVersion = 46;
	objects = {

/* Begin PBXBuildFile section */
		331C84C719069E62001C5A44 /* Foundation.framework in Frameworks */ = {isa = PBXBuildFile; fileRef = 331C84C619069E62001C5A44 /* Foundation.framework */; };
		331C84C919069E62001C5A44 /* CoreGraphics.framework in Frameworks */ = {isa = PBXBuildFile; fileRef = 331C84C819069E62001C5A44 /* CoreGraphics.framework */; };
		331C84CB19069E62001C5A44 /* UIKit.framework in Frameworks */ = {isa = PBXBuildFile; fileRef = 331C84CA19069E62001C5A44 /* UIKit.framework */; };
		331C84D119069E62001C5A44 /* InfoPlist.strings in Resources */ = {isa = PBXBuildFile; fileRef = 331C84CF19069E62001C5A44 /* InfoPlist.strings */; };
		331C84D319069E62001C5A44 /* main.m in Sources */ = {isa = PBXBuildFile; fileRef = 331C84D219069E62001C5A44 /* main.m */; };
		331C84D719069E62001C5A44 /* KVAppDelegate.m in Sources */ = {isa = PBXBuildFile; fileRef = 331C84D619069E62001C5A44 /* KVAppDelegate.m */; };
		331C84D919069E62001C5A44 /* Images.xcassets in Resources */ = {isa = PBXBuildFile; fileRef = 331C84D819069E62001C5A44 /* Images.xcassets */; };
		331C84E019069E62001C5A44 /* XCTest.framework in Frameworks */ = {isa = PBXBuildFile; fileRef = 331C84DF19069E62001C5A44 /* XCTest.framework */; };
		331C84E119069E62001C5A44 /* Foundation.framework in Frameworks */ = {isa = PBXBuildFile; fileRef = 331C84C619069E62001C5A44 /* Foundation.framework */; };
		331C84E219069E62001C5A44 /* UIKit.framework in Frameworks */ = {isa = PBXBuildFile; fileRef = 331C84CA19069E62001C5A44 /* UIKit.framework */; };
		331C84EA19069E62001C5A44 /* InfoPlist.strings in Resources */ = {isa = PBXBuildFile; fileRef = 331C84E819069E62001C5A44 /* InfoPlist.strings */; };
		331C84EC19069E62001C5A44 /* JsonAndListTestTests.m in Sources */ = {isa = PBXBuildFile; fileRef = 331C84EB19069E62001C5A44 /* JsonAndListTestTests.m */; };
/* End PBXBuildFile section */

/* Begin PBXContainerItemProxy section */
		331C84E319069E62001C5A44 /* PBXContainerItemProxy */ = {
			isa = PBXContainerItemProxy;
			containerPortal = 331C84BB19069E62001C5A44 /* Project object */;
			proxyType = 1;
			remoteGlobalIDString = 331C84C219069E62001C5A44;
			remoteInfo = JsonAndListTest;
		};
/* End PBXContainerItemProxy section */

/* Begin PBXFileReference section */
		331C84C319069E62001C5A44 /* JsonAndListTest.app */ = {isa = PBXFileReference; explicitFileType = wrapper.application; includeInIndex = 0; path = JsonAndListTest.app; sourceTree = BUILT_PRODUCTS_DIR; };
		331C84C619069E62001C5A44 /* Foundation.framework */ = {isa = PBXFileReference; lastKnownFileType = wrapper.framework; name = Foundation.framework; path = System/Library/Frameworks/Foundation.framework; sourceTree = SDKROOT; };
		331C84C819069E62001C5A44 /* CoreGraphics.framework */ = {isa = PBXFileReference; lastKnownFileType = wrapper.framework; name = CoreGraphics.framework; path = System/Library/Frameworks/CoreGraphics.framework; sourceTree = SDKROOT; };
		331C84CA19069E62001C5A44 /* UIKit.framework */ = {isa = PBXFileReference; lastKnownFileType = wrapper.framework; name = UIKit.framework; path = System/Library/Frameworks/UIKit.framework; sourceTree = SDKROOT; };
		331C84CE19069E62001C5A44 /* JsonAndListTest-Info.plist */ = {isa = PBXFileReference; lastKnownFileType = text.plist.xml; path = "JsonAndListTest-Info.plist"; sourceTree = "<group>"; };
		331C84D019069E62001C5A44 /* en */ = {isa = PBXFileReference; lastKnownFileType = text.plist.strings; name = en; path = en.lproj/InfoPlist.strings; sourceTree = "<group>"; };
		331C84D219069E62001C5A44 /* main.m */ = {isa = PBXFileReference; lastKnownFileType = sourcecode.c.objc; path = main.m; sourceTree = "<group>"; };
		331C84D419069E62001C5A44 /* JsonAndListTest-Prefix.pch */ = {isa = PBXFileReference; lastKnownFileType = sourcecode.c.h; path = "JsonAndListTest-Prefix.pch"; sourceTree = "<group>"; };
		331C84D519069E62001C5A44 /* KVAppDelegate.h */ = {isa = PBXFileReference; lastKnownFileType = sourcecode.c.h; path = KVAppDelegate.h; sourceTree = "<group>"; };
		331C84D619069E62001C5A44 /* KVAppDelegate.m */ = {isa = PBXFileReference; lastKnownFileType = sourcecode.c.objc; path = KVAppDelegate.m; sourceTree = "<group>"; };
		331C84D819069E62001C5A44 /* Images.xcassets */ = {isa = PBXFileReference; lastKnownFileType = folder.assetcatalog; path = Images.xcassets; sourceTree = "<group>"; };
		331C84DE19069E62001C5A44 /* JsonAndListTestTests.xctest */ = {isa = PBXFileReference; explicitFileType = wrapper.cfbundle; includeInIndex = 0; path = JsonAndListTestTests.xctest; sourceTree = BUILT_PRODUCTS_DIR; };
		331C84DF19069E62001C5A44 /* XCTest.framework */ = {isa = PBXFileReference; lastKnownFileType = wrapper.framework; name = XCTest.framework; path = Library/Frameworks/XCTest.framework; sourceTree = DEVELOPER_DIR; };
		331C84E719069E62001C5A44 /* JsonAndListTestTests-Info.plist */ = {isa = PBXFileReference; lastKnownFileType = text.plist.xml; path = "JsonAndListTestTests-Info.plist"; sourceTree = "<group>"; };
		331C84E919069E62001C5A44 /* en */ = {isa = PBXFileReference; lastKnownFileType = text.plist.strings; name = en; path = en.lproj/InfoPlist.strings; sourceTree = "<group>"; };
		331C84EB19069E62001C5A44 /* JsonAndListTestTests.m */ = {isa = PBXFileReference; lastKnownFileType = sourcecode.c.objc; path = JsonAndListTestTests.m; sourceTree = "<group>"; };
/* End PBXFileReference section */

/* Begin PBXFrameworksBuildPhase section */
		331C84C019069E62001C5A44 /* Frameworks */ = {
			isa = PBXFrameworksBuildPhase;
			buildActionMask = 2147483647;
			files = (
				331C84C919069E62001C5A44 /* CoreGraphics.framework in Frameworks */,
				331C84CB19069E62001C5A44 /* UIKit.framework in Frameworks */,
				331C84C719069E62001C5A44 /* Foundation.framework in Frameworks */,
			);
			runOnlyForDeploymentPostprocessing = 0;
		};
		331C84DB19069E62001C5A44 /* Frameworks */ = {
			isa = PBXFrameworksBuildPhase;
			buildActionMask = 2147483647;
			files = (
				331C84E019069E62001C5A44 /* XCTest.framework in Frameworks */,
				331C84E219069E62001C5A44 /* UIKit.framework in Frameworks */,
				331C84E119069E62001C5A44 /* Foundation.framework in Frameworks */,
			);
			runOnlyForDeploymentPostprocessing = 0;
		};
/* End PBXFrameworksBuildPhase section */

/* Begin PBXGroup section */
		331C84BA19069E62001C5A44 = {
			isa = PBXGroup;
			children = (
				331C84CC19069E62001C5A44 /* JsonAndListTest */,
				331C84E519069E62001C5A44 /* JsonAndListTestTests */,
				331C84C519069E62001C5A44 /* Frameworks */,
				331C84C419069E62001C5A44 /* Products */,
			);
			sourceTree = "<group>";
		};
		331C84C419069E62001C5A44 /* Products */ = {
			isa = PBXGroup;
			children = (
				331C84C319069E62001C5A44 /* JsonAndListTest.app */,
				331C84DE19069E62001C5A44 /* JsonAndListTestTests.xctest */,
			);
			name = Products;
			sourceTree = "<group>";
		};
		331C84C519069E62001C5A44 /* Frameworks */ = {
			isa = PBXGroup;
			children = (
				331C84C619069E62001C5A44 /* Foundation.framework */,
				331C84C819069E62001C5A44 /* CoreGraphics.framework */,
				331C84CA19069E62001C5A44 /* UIKit.framework */,
				331C84DF19069E62001C5A44 /* XCTest.framework */,
			);
			name = Frameworks;
			sourceTree = "<group>";
		};
		331C84CC19069E62001C5A44 /* JsonAndListTest */ = {
			isa = PBXGroup;
			children = (
				331C84D519069E62001C5A44 /* KVAppDelegate.h */,
				331C84D619069E62001C5A44 /* KVAppDelegate.m */,
				331C84D819069E62001C5A44 /* Images.xcassets */,
				331C84CD19069E62001C5A44 /* Supporting Files */,
			);
			path = JsonAndListTest;
			sourceTree = "<group>";
		};
		331C84CD19069E62001C5A44 /* Supporting Files */ = {
			isa = PBXGroup;
			children = (
				331C84CE19069E62001C5A44 /* JsonAndListTest-Info.plist */,
				331C84CF19069E62001C5A44 /* InfoPlist.strings */,
				331C84D219069E62001C5A44 /* main.m */,
				331C84D419069E62001C5A44 /* JsonAndListTest-Prefix.pch */,
			);
			name = "Supporting Files";
			sourceTree = "<group>";
		};
		331C84E519069E62001C5A44 /* JsonAndListTestTests */ = {
			isa = PBXGroup;
			children = (
				331C84EB19069E62001C5A44 /* JsonAndListTestTests.m */,
				331C84E619069E62001C5A44 /* Supporting Files */,
			);
			path = JsonAndListTestTests;
			sourceTree = "<group>";
		};
		331C84E619069E62001C5A44 /* Supporting Files */ = {
			isa = PBXGroup;
			children = (
				331C84E719069E62001C5A44 /* JsonAndListTestTests-Info.plist */,
				331C84E819069E62001C5A44 /* InfoPlist.strings */,
			);
			name = "Supporting Files";
			sourceTree = "<group>";
		};
/* End PBXGroup section */

/* Begin PBXNativeTarget section */
		331C84C219069E62001C5A44 /* JsonAndListTest */ = {
			isa = PBXNativeTarget;
			buildConfigurationList = 331C84EF19069E62001C5A44 /* Build configuration list for PBXNativeTarget "JsonAndListTest" */;
			buildPhases = (
				331C84BF19069E62001C5A44 /* Sources */,
				331C84C019069E62001C5A44 /* Frameworks */,
				331C84C119069E62001C5A44 /* Resources */,
			);
			buildRules = (
			);
			dependencies = (
			);
			name = JsonAndListTest;
			productName = JsonAndListTest;
			productReference = 331C84C319069E62001C5A44 /* JsonAndListTest.app */;
			productType = "com.apple.product-type.application";
		};
		331C84DD19069E62001C5A44 /* JsonAndListTestTests */ = {
			isa = PBXNativeTarget;
			buildConfigurationList = 331C84F219069E62001C5A44 /* Build configuration list for PBXNativeTarget "JsonAndListTestTests" */;
			buildPhases = (
				331C84DA19069E62001C5A44 /* Sources */,
				331C84DB19069E62001C5A44 /* Frameworks */,
				331C84DC19069E62001C5A44 /* Resources */,
			);
			buildRules = (
			);
			dependencies = (
				331C84E419069E62001C5A44 /* PBXTargetDependency */,
			);
			name = JsonAndListTestTests;
			productName = JsonAndListTestTests;
			productReference = 331C84DE19069E62001C5A44 /* JsonAndListTestTests.xctest */;
			productType = "com.apple.product-type.bundle.unit-test";
		};
/* End PBXNativeTarget section */

/* Begin PBXProject section */
		331C84BB19069E62001C5A44 /* Project object */ = {
			isa = PBXProject;
			attributes = {
				CLASSPREFIX = KV;
				LastUpgradeCheck = 0510;
				ORGANIZATIONNAME = Own;
				TargetAttributes = {
					331C84DD19069E62001C5A44 = {
						TestTargetID = 331C84C219069E62001C5A44;
					};
				};
			};
			buildConfigurationList = 331C84BE19069E62001C5A44 /* Build configuration list for PBXProject "JsonAndListTest" */;
			compatibilityVersion = "Xcode 3.2";
			developmentRegion = English;
			hasScannedForEncodings = 0;
			knownRegions = (
				en,
			);
			mainGroup = 331C84BA19069E62001C5A44;
			productRefGroup = 331C84C419069E62001C5A44 /* Products */;
			projectDirPath = "";
			projectRoot = "";
			targets = (
				331C84C219069E62001C5A44 /* JsonAndListTest */,
				331C84DD19069E62001C5A44 /* JsonAndListTestTests */,
			);
		};
/* End PBXProject section */

/* Begin PBXResourcesBuildPhase section */
		331C84C119069E62001C5A44 /* Resources */ = {
			isa = PBXResourcesBuildPhase;
			buildActionMask = 2147483647;
			files = (
				331C84D119069E62001C5A44 /* InfoPlist.strings in Resources */,
				331C84D919069E62001C5A44 /* Images.xcassets in Resources */,
			);
			runOnlyForDeploymentPostprocessing = 0;
		};
		331C84DC19069E62001C5A44 /* Resources */ = {
			isa = PBXResourcesBuildPhase;
			buildActionMask = 2147483647;
			files = (
				331C84EA19069E62001C5A44 /* InfoPlist.strings in Resources */,
			);
			runOnlyForDeploymentPostprocessing = 0;
		};
/* End PBXResourcesBuildPhase section */

/* Begin PBXSourcesBuildPhase section */
		331C84BF19069E62001C5A44 /* Sources */ = {
			isa = PBXSourcesBuildPhase;
			buildActionMask = 2147483647;
			files = (
				331C84D319069E62001C5A44 /* main.m in Sources */,
				331C84D719069E62001C5A44 /* KVAppDelegate.m in Sources */,
			);
			runOnlyForDeploymentPostprocessing = 0;
		};
		331C84DA19069E62001C5A44 /* Sources */ = {
			isa = PBXSourcesBuildPhase;
			buildActionMask = 2147483647;
			files = (
				331C84EC19069E62001C5A44 /* JsonAndListTestTests.m in Sources */,
			);
			runOnlyForDeploymentPostprocessing = 0;
		};
/* End PBXSourcesBuildPhase section */

/* Begin PBXTargetDependency section */
		331C84E419069E62001C5A44 /* PBXTargetDependency */ = {
			isa = PBXTargetDependency;
			target = 331C84C219069E62001C5A44 /* JsonAndListTest */;
			targetProxy = 331C84E319069E62001C5A44 /* PBXContainerItemProxy */;
		};
/* End PBXTargetDependency section */

/* Begin PBXVariantGroup section */
		331C84CF19069E62001C5A44 /* InfoPlist.strings */ = {
			isa = PBXVariantGroup;
			children = (
				331C84D019069E62001C5A44 /* en */,
			);
			name = InfoPlist.strings;
			sourceTree = "<group>";
		};
		331C84E819069E62001C5A44 /* InfoPlist.strings */ = {
			isa = PBXVariantGroup;
			children = (
				331C84E919069E62001C5A44 /* en */,
			);
			name = InfoPlist.strings;
			sourceTree = "<group>";
		};
/* End PBXVariantGroup section */

/* Begin XCBuildConfiguration section */
		331C84ED19069E62001C5A44 /* Debug */ = {
			isa = XCBuildConfiguration;
			buildSettings = {
				ALWAYS_SEARCH_USER_PATHS = NO;
				CLANG_CXX_LANGUAGE_STANDARD = "gnu++0x";
				CLANG_CXX_LIBRARY = "libc++";
				CLANG_ENABLE_MODULES = YES;
				CLANG_ENABLE_OBJC_ARC = YES;
				CLANG_WARN_BOOL_CONVERSION = YES;
				CLANG_WARN_CONSTANT_CONVERSION = YES;
				CLANG_WARN_DIRECT_OBJC_ISA_USAGE = YES_ERROR;
				CLANG_WARN_EMPTY_BODY = YES;
				CLANG_WARN_ENUM_CONVERSION = YES;
				CLANG_WARN_INT_CONVERSION = YES;
				CLANG_WARN_OBJC_ROOT_CLASS = YES_ERROR;
				CLANG_WARN__DUPLICATE_METHOD_MATCH = YES;
				"CODE_SIGN_IDENTITY[sdk=iphoneos*]" = "iPhone Developer";
				COPY_PHASE_STRIP = NO;
				GCC_C_LANGUAGE_STANDARD = gnu99;
				GCC_DYNAMIC_NO_PIC = NO;
				GCC_OPTIMIZATION_LEVEL = 0;
				GCC_PREPROCESSOR_DEFINITIONS = (
					"DEBUG=1",
					"$(inherited)",
				);
				GCC_SYMBOLS_PRIVATE_EXTERN = NO;
				GCC_WARN_64_TO_32_BIT_CONVERSION = YES;
				GCC_WARN_ABOUT_RETURN_TYPE = YES_ERROR;
				GCC_WARN_UNDECLARED_SELECTOR = YES;
				GCC_WARN_UNINITIALIZED_AUTOS = YES_AGGRESSIVE;
				GCC_WARN_UNUSED_FUNCTION = YES;
				GCC_WARN_UNUSED_VARIABLE = YES;
				IPHONEOS_DEPLOYMENT_TARGET = 7.1;
				ONLY_ACTIVE_ARCH = YES;
				SDKROOT = iphoneos;
			};
			name = Debug;
		};
		331C84EE19069E62001C5A44 /* Release */ = {
			isa = XCBuildConfiguration;
			buildSettings = {
				ALWAYS_SEARCH_USER_PATHS = NO;
				CLANG_CXX_LANGUAGE_STANDARD = "gnu++0x";
				CLANG_CXX_LIBRARY = "libc++";
				CLANG_ENABLE_MODULES = YES;
				CLANG_ENABLE_OBJC_ARC = YES;
				CLANG_WARN_BOOL_CONVERSION = YES;
				CLANG_WARN_CONSTANT_CONVERSION = YES;
				CLANG_WARN_DIRECT_OBJC_ISA_USAGE = YES_ERROR;
				CLANG_WARN_EMPTY_BODY = YES;
				CLANG_WARN_ENUM_CONVERSION = YES;
				CLANG_WARN_INT_CONVERSION = YES;
				CLANG_WARN_OBJC_ROOT_CLASS = YES_ERROR;
				CLANG_WARN__DUPLICATE_METHOD_MATCH = YES;
				"CODE_SIGN_IDENTITY[sdk=iphoneos*]" = "iPhone Developer";
				COPY_PHASE_STRIP = YES;
				ENABLE_NS_ASSERTIONS = NO;
				GCC_C_LANGUAGE_STANDARD = gnu99;
				GCC_WARN_64_TO_32_BIT_CONVERSION = YES;
				GCC_WARN_ABOUT_RETURN_TYPE = YES_ERROR;
				GCC_WARN_UNDECLARED_SELECTOR = YES;
				GCC_WARN_UNINITIALIZED_AUTOS = YES_AGGRESSIVE;
				GCC_WARN_UNUSED_FUNCTION = YES;
				GCC_WARN_UNUSED_VARIABLE = YES;
				IPHONEOS_DEPLOYMENT_TARGET = 7.1;
				SDKROOT = iphoneos;
				VALIDATE_PRODUCT = YES;
			};
			name = Release;
		};
		331C84F019069E62001C5A44 /* Debug */ = {
			isa = XCBuildConfiguration;
			buildSettings = {
				ASSETCATALOG_COMPILER_APPICON_NAME = AppIcon;
				ASSETCATALOG_COMPILER_LAUNCHIMAGE_NAME = LaunchImage;
				GCC_PRECOMPILE_PREFIX_HEADER = YES;
				GCC_PREFIX_HEADER = "JsonAndListTest/JsonAndListTest-Prefix.pch";
				INFOPLIST_FILE = "JsonAndListTest/JsonAndListTest-Info.plist";
				PRODUCT_NAME = "$(TARGET_NAME)";
				WRAPPER_EXTENSION = app;
			};
			name = Debug;
		};
		331C84F119069E62001C5A44 /* Release */ = {
			isa = XCBuildConfiguration;
			buildSettings = {
				ASSETCATALOG_COMPILER_APPICON_NAME = AppIcon;
				ASSETCATALOG_COMPILER_LAUNCHIMAGE_NAME = LaunchImage;
				GCC_PRECOMPILE_PREFIX_HEADER = YES;
				GCC_PREFIX_HEADER = "JsonAndListTest/JsonAndListTest-Prefix.pch";
				INFOPLIST_FILE = "JsonAndListTest/JsonAndListTest-Info.plist";
				PRODUCT_NAME = "$(TARGET_NAME)";
				WRAPPER_EXTENSION = app;
			};
			name = Release;
		};
		331C84F319069E62001C5A44 /* Debug */ = {
			isa = XCBuildConfiguration;
			buildSettings = {
				BUNDLE_LOADER = "$(BUILT_PRODUCTS_DIR)/JsonAndListTest.app/JsonAndListTest";
				FRAMEWORK_SEARCH_PATHS = (
					"$(SDKROOT)/Developer/Library/Frameworks",
					"$(inherited)",
					"$(DEVELOPER_FRAMEWORKS_DIR)",
				);
				GCC_PRECOMPILE_PREFIX_HEADER = YES;
				GCC_PREFIX_HEADER = "JsonAndListTest/JsonAndListTest-Prefix.pch";
				GCC_PREPROCESSOR_DEFINITIONS = (
					"DEBUG=1",
					"$(inherited)",
				);
				INFOPLIST_FILE = "JsonAndListTestTests/JsonAndListTestTests-Info.plist";
				PRODUCT_NAME = "$(TARGET_NAME)";
				TEST_HOST = "$(BUNDLE_LOADER)";
				WRAPPER_EXTENSION = xctest;
			};
			name = Debug;
		};
		331C84F419069E62001C5A44 /* Release */ = {
			isa = XCBuildConfiguration;
			buildSettings = {
				BUNDLE_LOADER = "$(BUILT_PRODUCTS_DIR)/JsonAndListTest.app/JsonAndListTest";
				FRAMEWORK_SEARCH_PATHS = (
					"$(SDKROOT)/Developer/Library/Frameworks",
					"$(inherited)",
					"$(DEVELOPER_FRAMEWORKS_DIR)",
				);
				GCC_PRECOMPILE_PREFIX_HEADER = YES;
				GCC_PREFIX_HEADER = "JsonAndListTest/JsonAndListTest-Prefix.pch";
				INFOPLIST_FILE = "JsonAndListTestTests/JsonAndListTestTests-Info.plist";
				PRODUCT_NAME = "$(TARGET_NAME)";
				TEST_HOST = "$(BUNDLE_LOADER)";
				WRAPPER_EXTENSION = xctest;
			};
			name = Release;
		};
/* End XCBuildConfiguration section */

/* Begin XCConfigurationList section */
		331C84BE19069E62001C5A44 /* Build configuration list for PBXProject "JsonAndListTest" */ = {
			isa = XCConfigurationList;
			buildConfigurations = (
				331C84ED19069E62001C5A44 /* Debug */,
				331C84EE19069E62001C5A44 /* Release */,
			);
			defaultConfigurationIsVisible = 0;
			defaultConfigurationName = Release;
		};
		331C84EF19069E62001C5A44 /* Build configuration list for PBXNativeTarget "JsonAndListTest" */ = {
			isa = XCConfigurationList;
			buildConfigurations = (
				331C84F019069E62001C5A44 /* Debug */,
				331C84F119069E62001C5A44 /* Release */,
			);
			defaultConfigurationIsVisible = 0;
		};
		331C84F219069E62001C5A44 /* Build configuration list for PBXNativeTarget "JsonAndListTestTests" */ = {
			isa = XCConfigurationList;
			buildConfigurations = (
				331C84F319069E62001C5A44 /* Debug */,
				331C84F419069E62001C5A44 /* Release */,
			);
			defaultConfigurationIsVisible = 0;
		};
/* End XCConfigurationList section */
	};
	rootObject = 331C84BB19069E62001C5A44 /* Project object */;
}
